<Solution>
    <Project Path="src\GhostServiceBuster\GhostServiceBuster.csproj"/>
    <Project Path="tests\GhostServiceBuster.IntegrationTests\GhostServiceBuster.IntegrationTests.csproj"
             Type="Classic C#"/>
    <Project Path="tests\GhostServiceBuster.UnitTests\GhostServiceBuster.UnitTests.csproj" Type="Classic C#"/>
</Solution>